<?xml version="1.0" encoding="utf-8"?>
<Project ToolsVersion="4.0" xmlns="http://schemas.microsoft.com/developer/msbuild/2003">
  <ItemGroup>
    <Filter Include="Header files">
      <UniqueIdentifier>{ea6c04d9-43ac-4881-b88b-854389aa0030}</UniqueIdentifier>
    </Filter>
    <Filter Include="Source files">
      <UniqueIdentifier>{fe3db68f-8ba2-4957-b9a7-7f52892ba194}</UniqueIdentifier>
    </Filter>
    <Filter Include="structures">
      <UniqueIdentifier>{2a2ea762-1cf9-4020-8d93-fc9ba072d5ca}</UniqueIdentifier>
    </Filter>
    <Filter Include="data">
      <UniqueIdentifier>{ab55d243-216c-484b-aadd-15e14598a492}</UniqueIdentifier>
    </Filter>
    <Filter Include="structures\vector">
      <UniqueIdentifier>{fa29008c-286d-489e-8c7f-eb5515985728}</UniqueIdentifier>
    </Filter>
    <Filter Include="structures\array">
      <UniqueIdentifier>{30e836e6-52ad-4a4b-a289-e0ddc06f83a7}</UniqueIdentifier>
    </Filter>
    <Filter Include="structures\list">
      <UniqueIdentifier>{3f2825f5-097b-458e-b6a4-a753d069b17f}</UniqueIdentifier>
    </Filter>
  </ItemGroup>
  <ItemGroup>
    <ClCompile Include="..\structures\ds_routines.cpp">
      <Filter>structures</Filter>
    </ClCompile>
    <ClCompile Include="..\structures\structure.cpp">
      <Filter>structures</Filter>
    </ClCompile>
    <ClCompile Include="main.cpp">
      <Filter>Source files</Filter>
    </ClCompile>
    <ClCompile Include="..\structures\vector\vector.cpp">
      <Filter>structures\vector</Filter>
    </ClCompile>
    <ClCompile Include="uzemnaJednotka.cpp">
      <Filter>Source files</Filter>
    </ClCompile>
    <ClCompile Include="system.cpp">
      <Filter>Source files</Filter>
    </ClCompile>
  </ItemGroup>
  <ItemGroup>
    <ClInclude Include="..\structures\ds_routines.h">
      <Filter>structures</Filter>
    </ClInclude>
    <ClInclude Include="..\structures\ds_structure_types.h">
      <Filter>structures</Filter>
    </ClInclude>
    <ClInclude Include="..\structures\heap_monitor.h">
      <Filter>structures</Filter>
    </ClInclude>
    <ClInclude Include="..\structures\structure.h">
      <Filter>structures</Filter>
    </ClInclude>
    <ClInclude Include="..\structures\structure_iterator.h">
      <Filter>structures</Filter>
    </ClInclude>
    <ClInclude Include="..\structures\vector\vector.h">
      <Filter>structures\vector</Filter>
    </ClInclude>
    <ClInclude Include="..\structures\array\array.h">
      <Filter>structures\array</Filter>
    </ClInclude>
    <ClInclude Include="uzemnaJednotka.h">
      <Filter>Header files</Filter>
    </ClInclude>
    <ClInclude Include="const.h">
      <Filter>Header files</Filter>
    </ClInclude>
    <ClInclude Include="kraj.h">
      <Filter>Header files</Filter>
    </ClInclude>
    <ClInclude Include="okres.h">
      <Filter>Header files</Filter>
    </ClInclude>
    <ClInclude Include="obec.h">
      <Filter>Header files</Filter>
    </ClInclude>
    <ClInclude Include="..\structures\list\array_list.h">
      <Filter>structures\list</Filter>
    </ClInclude>
    <ClInclude Include="..\structures\list\linked_list.h">
      <Filter>structures\list</Filter>
    </ClInclude>
    <ClInclude Include="..\structures\list\list.h">
      <Filter>structures\list</Filter>
    </ClInclude>
    <ClInclude Include="system.h">
      <Filter>Header files</Filter>
    </ClInclude>
    <ClInclude Include="kriterium.h">
      <Filter>Header files</Filter>
    </ClInclude>
    <ClInclude Include="kNazov.h">
      <Filter>Header files</Filter>
    </ClInclude>
    <ClInclude Include="kZapisaniVolici.h">
      <Filter>Header files</Filter>
    </ClInclude>
    <ClInclude Include="kUcast.h">
      <Filter>Header files</Filter>
    </ClInclude>
    <ClInclude Include="kVydaneObalky.h">
      <Filter>Header files</Filter>
    </ClInclude>
    <ClInclude Include="kOdovzdaneObalky.h">
      <Filter>Header files</Filter>
    </ClInclude>
    <ClInclude Include="kPlatneHlasy.h">
      <Filter>Header files</Filter>
    </ClInclude>
    <ClInclude Include="kPrislusnostObce.h">
      <Filter>Header files</Filter>
    </ClInclude>
  </ItemGroup>
  <ItemGroup>
    <Text Include="..\data\spracovavane_data_2.txt">
      <Filter>data</Filter>
    </Text>
  </ItemGroup>
</Project>